
Microsoft Visual Studio Solution File, Format Version 10.00
# Visual Studio 2008
Project("{8BC9CEB8-8B4A-11D0-8D11-00A0C91BC942}") = "subprocess", "subprocess.vcproj", "{0EB22FA5-229C-4FCF-BC1E-325CA1CB7637}"
EndProject
Project("{8BC9CEB8-8B4A-11D0-8D11-00A0C91BC942}") = "libcefpythonapp_py27", "libcefpythonapp_py27.vcproj", "{55B8FF66-831C-42F9-8C30-635240439751}"
EndProject
Project("{8BC9CEB8-8B4A-11D0-8D11-00A0C91BC942}") = "libcefpythonapp_py32", "libcefpythonapp_py32.vcproj", "{1CBCCE4A-EF20-4718-B9A2-9254B770012B}"
EndProject
Global
	GlobalSection(SolutionConfigurationPlatforms) = preSolution
		Release|Win32 = Release|Win32
	EndGlobalSection
	GlobalSection(ProjectConfigurationPlatforms) = postSolution
		{0EB22FA5-229C-4FCF-BC1E-325CA1CB7637}.Release|Win32.ActiveCfg = Release|Win32
		{0EB22FA5-229C-4FCF-BC1E-325CA1CB7637}.Release|Win32.Build.0 = Release|Win32
		{55B8FF66-831C-42F9-8C30-635240439751}.Release|Win32.ActiveCfg = Release|Win32
		{55B8FF66-831C-42F9-8C30-635240439751}.Release|Win32.Build.0 = Release|Win32
		{1CBCCE4A-EF20-4718-B9A2-9254B770012B}.Release|Win32.ActiveCfg = Release|Win32
		{1CBCCE4A-EF20-4718-B9A2-9254B770012B}.Release|Win32.Build.0 = Release|Win32
	EndGlobalSection
	GlobalSection(SolutionProperties) = preSolution
		HideSolutionNode = FALSE
	EndGlobalSection
EndGlobal
