
Microsoft Visual Studio Solution File, Format Version 10.00
# Visual Studio 2008
Project("{8BC9CEB8-8B4A-11D0-8D11-00A0C91BC942}") = "subprocess", "subprocess.vcproj", "{0EB22FA5-229C-4FCF-BC1E-325CA1CB7637}"
EndProject
Global
	GlobalSection(SolutionConfigurationPlatforms) = preSolution
		Debug|Win32 = Debug|Win32
		Release|Win32 = Release|Win32
	EndGlobalSection
	GlobalSection(ProjectConfigurationPlatforms) = postSolution
		{0EB22FA5-229C-4FCF-BC1E-325CA1CB7637}.Debug|Win32.ActiveCfg = Debug|Win32
		{0EB22FA5-229C-4FCF-BC1E-325CA1CB7637}.Debug|Win32.Build.0 = Debug|Win32
		{0EB22FA5-229C-4FCF-BC1E-325CA1CB7637}.Release|Win32.ActiveCfg = Release|Win32
		{0EB22FA5-229C-4FCF-BC1E-325CA1CB7637}.Release|Win32.Build.0 = Release|Win32
	EndGlobalSection
	GlobalSection(SolutionProperties) = preSolution
		HideSolutionNode = FALSE
	EndGlobalSection
EndGlobal
