
Microsoft Visual Studio Solution File, Format Version 10.00
# Visual Studio 2008
Project("{8BC9CEB8-8B4A-11D0-8D11-00A0C91BC942}") = "v8functionhandler", "v8functionhandler.vcproj", "{6CA41D5D-3546-4363-B670-97FFE4B88D4C}"
EndProject
Global
	GlobalSection(SolutionConfigurationPlatforms) = preSolution
		Debug|Win32 = Debug|Win32
		Release|Win32 = Release|Win32
	EndGlobalSection
	GlobalSection(ProjectConfigurationPlatforms) = postSolution
		{6CA41D5D-3546-4363-B670-97FFE4B88D4C}.Debug|Win32.ActiveCfg = Debug|Win32
		{6CA41D5D-3546-4363-B670-97FFE4B88D4C}.Debug|Win32.Build.0 = Debug|Win32
		{6CA41D5D-3546-4363-B670-97FFE4B88D4C}.Release|Win32.ActiveCfg = Release|Win32
		{6CA41D5D-3546-4363-B670-97FFE4B88D4C}.Release|Win32.Build.0 = Release|Win32
	EndGlobalSection
	GlobalSection(SolutionProperties) = preSolution
		HideSolutionNode = FALSE
	EndGlobalSection
EndGlobal
