
Microsoft Visual Studio Solution File, Format Version 10.00
# Visual Studio 2008
Project("{8BC9CEB8-8B4A-11D0-8D11-00A0C91BC942}") = "cpp_utils", "cpp_utils.vcproj", "{4BC60266-2D0B-4C83-8CEC-B243A6952A1A}"
EndProject
Global
	GlobalSection(SolutionConfigurationPlatforms) = preSolution
		Debug|Win32 = Debug|Win32
		Release|Win32 = Release|Win32
	EndGlobalSection
	GlobalSection(ProjectConfigurationPlatforms) = postSolution
		{4BC60266-2D0B-4C83-8CEC-B243A6952A1A}.Debug|Win32.ActiveCfg = Debug|Win32
		{4BC60266-2D0B-4C83-8CEC-B243A6952A1A}.Debug|Win32.Build.0 = Debug|Win32
		{4BC60266-2D0B-4C83-8CEC-B243A6952A1A}.Release|Win32.ActiveCfg = Release|Win32
		{4BC60266-2D0B-4C83-8CEC-B243A6952A1A}.Release|Win32.Build.0 = Release|Win32
	EndGlobalSection
	GlobalSection(SolutionProperties) = preSolution
		HideSolutionNode = FALSE
	EndGlobalSection
EndGlobal
